
Microsoft Visual Studio Solution File, Format Version 12.00
# Visual Studio Version 17
VisualStudioVersion = 17.9.34728.123
MinimumVisualStudioVersion = 10.0.40219.1
Project("{FAE04EC0-301F-11D3-BF4B-00C04F79EFBC}") = "Hospital_System", "Hospital_System\Hospital_System.csproj", "{61926521-8D75-481C-8266-8D870150CE93}"
EndProject
Global
	GlobalSection(SolutionConfigurationPlatforms) = preSolution
		Debug|Any CPU = Debug|Any CPU
		Release|Any CPU = Release|Any CPU
	EndGlobalSection
	GlobalSection(ProjectConfigurationPlatforms) = postSolution
		{61926521-8D75-481C-8266-8D870150CE93}.Debug|Any CPU.ActiveCfg = Debug|Any CPU
		{61926521-8D75-481C-8266-8D870150CE93}.Debug|Any CPU.Build.0 = Debug|Any CPU
		{61926521-8D75-481C-8266-8D870150CE93}.Release|Any CPU.ActiveCfg = Release|Any CPU
		{61926521-8D75-481C-8266-8D870150CE93}.Release|Any CPU.Build.0 = Release|Any CPU
	EndGlobalSection
	GlobalSection(SolutionProperties) = preSolution
		HideSolutionNode = FALSE
	EndGlobalSection
	GlobalSection(ExtensibilityGlobals) = postSolution
		SolutionGuid = {EF11437D-E330-4E2C-9550-2FB5EBB5CEF3}
	EndGlobalSection
EndGlobal
